
Microsoft Visual Studio Solution File, Format Version 12.00
# Visual Studio Version 17
VisualStudioVersion = 17.6.33801.468
MinimumVisualStudioVersion = 10.0.40219.1
Project("{9A19103F-16F7-4668-BE54-9A1E7A4F7556}") = "Rahul_Shetty_Udemy", "TestProject1\Rahul_Shetty_Udemy.csproj", "{6F0A98E9-FF25-470B-8ECD-476282317F0B}"
EndProject
Project("{9A19103F-16F7-4668-BE54-9A1E7A4F7556}") = "Rahul_Sheety_C#_Fundamentals", "..\..\C_Sharp_Fundamentals\Rahul_Sheety_C#_Fundamentals\Rahul_Sheety_C#_Fundamentals\Rahul_Sheety_C#_Fundamentals.csproj", "{1F42D8A6-74C0-44B4-A9AF-C19EC27C7891}"
EndProject
Global
	GlobalSection(SolutionConfigurationPlatforms) = preSolution
		Debug|Any CPU = Debug|Any CPU
		Release|Any CPU = Release|Any CPU
	EndGlobalSection
	GlobalSection(ProjectConfigurationPlatforms) = postSolution
		{6F0A98E9-FF25-470B-8ECD-476282317F0B}.Debug|Any CPU.ActiveCfg = Debug|Any CPU
		{6F0A98E9-FF25-470B-8ECD-476282317F0B}.Debug|Any CPU.Build.0 = Debug|Any CPU
		{6F0A98E9-FF25-470B-8ECD-476282317F0B}.Release|Any CPU.ActiveCfg = Release|Any CPU
		{6F0A98E9-FF25-470B-8ECD-476282317F0B}.Release|Any CPU.Build.0 = Release|Any CPU
		{1F42D8A6-74C0-44B4-A9AF-C19EC27C7891}.Debug|Any CPU.ActiveCfg = Debug|Any CPU
		{1F42D8A6-74C0-44B4-A9AF-C19EC27C7891}.Debug|Any CPU.Build.0 = Debug|Any CPU
		{1F42D8A6-74C0-44B4-A9AF-C19EC27C7891}.Release|Any CPU.ActiveCfg = Release|Any CPU
		{1F42D8A6-74C0-44B4-A9AF-C19EC27C7891}.Release|Any CPU.Build.0 = Release|Any CPU
	EndGlobalSection
	GlobalSection(SolutionProperties) = preSolution
		HideSolutionNode = FALSE
	EndGlobalSection
	GlobalSection(ExtensibilityGlobals) = postSolution
		SolutionGuid = {0147AB31-1517-4F5A-B080-59766503E779}
	EndGlobalSection
EndGlobal
